{
  "requires": true,
  "lockfileVersion": 1,
  "dependencies": {
    "immer": {
      "version": "5.0.0",
      "resolved": "https://registry.npmjs.org/immer/-/immer-5.0.0.tgz",
      "integrity": "sha512-G7gRqKbi9NE025XVyqyTV98dxUOtdKvu/P1QRaVZfA55aEcXgjbxPdm+TlWdcSMNPKijlaHNz61DGPyelouRlA=="
    }
  }
}
